// !$*UTF8*$!
{
	archiveVersion = 1;
	classes = {
	};
	objectVersion = 46;
	objects = {

/* Begin PBXBuildFile section */
		8AE835FD1DA7CBBA007B7E16 /* substring.cpp in Sources */ = {isa = PBXBuildFile; fileRef = 8AE835FB1DA7CBBA007B7E16 /* substring.cpp */; };
		8AE836011DA7CBC1007B7E16 /* main.cpp in Sources */ = {isa = PBXBuildFile; fileRef = 8AE835FE1DA7CBC1007B7E16 /* main.cpp */; };
		8AE836021DA7CBC1007B7E16 /* sorting_test.cpp in Sources */ = {isa = PBXBuildFile; fileRef = 8AE835FF1DA7CBC1007B7E16 /* sorting_test.cpp */; };
		8AE836031DA7CBC1007B7E16 /* substring_test.cpp in Sources */ = {isa = PBXBuildFile; fileRef = 8AE836001DA7CBC1007B7E16 /* substring_test.cpp */; };
/* End PBXBuildFile section */

/* Begin PBXCopyFilesBuildPhase section */
		8AE835F11DA7CAA0007B7E16 /* CopyFiles */ = {
			isa = PBXCopyFilesBuildPhase;
			buildActionMask = 2147483647;
			dstPath = /usr/share/man/man1/;
			dstSubfolderSpec = 0;
			files = (
			);
			runOnlyForDeploymentPostprocessing = 1;
		};
/* End PBXCopyFilesBuildPhase section */

/* Begin PBXFileReference section */
		8AE835F31DA7CAA0007B7E16 /* algorithms_tests */ = {isa = PBXFileReference; explicitFileType = "compiled.mach-o.executable"; includeInIndex = 0; path = algorithms_tests; sourceTree = BUILT_PRODUCTS_DIR; };
		8AE835FA1DA7CBBA007B7E16 /* sorting.hpp */ = {isa = PBXFileReference; fileEncoding = 4; lastKnownFileType = sourcecode.cpp.h; path = sorting.hpp; sourceTree = "<group>"; };
		8AE835FB1DA7CBBA007B7E16 /* substring.cpp */ = {isa = PBXFileReference; fileEncoding = 4; lastKnownFileType = sourcecode.cpp.cpp; path = substring.cpp; sourceTree = "<group>"; };
		8AE835FC1DA7CBBA007B7E16 /* substring.hpp */ = {isa = PBXFileReference; fileEncoding = 4; lastKnownFileType = sourcecode.cpp.h; path = substring.hpp; sourceTree = "<group>"; };
		8AE835FE1DA7CBC1007B7E16 /* main.cpp */ = {isa = PBXFileReference; fileEncoding = 4; lastKnownFileType = sourcecode.cpp.cpp; path = main.cpp; sourceTree = "<group>"; };
		8AE835FF1DA7CBC1007B7E16 /* sorting_test.cpp */ = {isa = PBXFileReference; fileEncoding = 4; lastKnownFileType = sourcecode.cpp.cpp; path = sorting_test.cpp; sourceTree = "<group>"; };
		8AE836001DA7CBC1007B7E16 /* substring_test.cpp */ = {isa = PBXFileReference; fileEncoding = 4; lastKnownFileType = sourcecode.cpp.cpp; path = substring_test.cpp; sourceTree = "<group>"; };
/* End PBXFileReference section */

/* Begin PBXFrameworksBuildPhase section */
		8AE835F01DA7CAA0007B7E16 /* Frameworks */ = {
			isa = PBXFrameworksBuildPhase;
			buildActionMask = 2147483647;
			files = (
			);
			runOnlyForDeploymentPostprocessing = 0;
		};
/* End PBXFrameworksBuildPhase section */

/* Begin PBXGroup section */
		8A494DA51DA7CA67007CCA71 = {
			isa = PBXGroup;
			children = (
				8A494DB01DA7CA67007CCA71 /* algorithms */,
				8AE835F41DA7CAA0007B7E16 /* algorithms_tests */,
				8A494DAF1DA7CA67007CCA71 /* Products */,
			);
			sourceTree = "<group>";
		};
		8A494DAF1DA7CA67007CCA71 /* Products */ = {
			isa = PBXGroup;
			children = (
				8AE835F31DA7CAA0007B7E16 /* algorithms_tests */,
			);
			name = Products;
			sourceTree = "<group>";
		};
		8A494DB01DA7CA67007CCA71 /* algorithms */ = {
			isa = PBXGroup;
			children = (
				8AE835FA1DA7CBBA007B7E16 /* sorting.hpp */,
				8AE835FB1DA7CBBA007B7E16 /* substring.cpp */,
				8AE835FC1DA7CBBA007B7E16 /* substring.hpp */,
			);
			path = algorithms;
			sourceTree = "<group>";
		};
		8AE835F41DA7CAA0007B7E16 /* algorithms_tests */ = {
			isa = PBXGroup;
			children = (
				8AE835FE1DA7CBC1007B7E16 /* main.cpp */,
				8AE835FF1DA7CBC1007B7E16 /* sorting_test.cpp */,
				8AE836001DA7CBC1007B7E16 /* substring_test.cpp */,
			);
			path = algorithms_tests;
			sourceTree = "<group>";
		};
/* End PBXGroup section */

/* Begin PBXNativeTarget section */
		8AE835F21DA7CAA0007B7E16 /* algorithms_tests */ = {
			isa = PBXNativeTarget;
			buildConfigurationList = 8AE835F71DA7CAA0007B7E16 /* Build configuration list for PBXNativeTarget "algorithms_tests" */;
			buildPhases = (
				8AE835EF1DA7CAA0007B7E16 /* Sources */,
				8AE835F01DA7CAA0007B7E16 /* Frameworks */,
				8AE835F11DA7CAA0007B7E16 /* CopyFiles */,
			);
			buildRules = (
			);
			dependencies = (
			);
			name = algorithms_tests;
			productName = algorithms_tests;
			productReference = 8AE835F31DA7CAA0007B7E16 /* algorithms_tests */;
			productType = "com.apple.product-type.tool";
		};
/* End PBXNativeTarget section */

/* Begin PBXProject section */
		8A494DA61DA7CA67007CCA71 /* Project object */ = {
			isa = PBXProject;
			attributes = {
				LastUpgradeCheck = 0730;
				ORGANIZATIONNAME = alexey;
				TargetAttributes = {
					8AE835F21DA7CAA0007B7E16 = {
						CreatedOnToolsVersion = 7.3;
					};
				};
			};
			buildConfigurationList = 8A494DA91DA7CA67007CCA71 /* Build configuration list for PBXProject "algorithms" */;
			compatibilityVersion = "Xcode 3.2";
			developmentRegion = English;
			hasScannedForEncodings = 0;
			knownRegions = (
				en,
			);
			mainGroup = 8A494DA51DA7CA67007CCA71;
			productRefGroup = 8A494DAF1DA7CA67007CCA71 /* Products */;
			projectDirPath = "";
			projectRoot = "";
			targets = (
				8AE835F21DA7CAA0007B7E16 /* algorithms_tests */,
			);
		};
/* End PBXProject section */

/* Begin PBXSourcesBuildPhase section */
		8AE835EF1DA7CAA0007B7E16 /* Sources */ = {
			isa = PBXSourcesBuildPhase;
			buildActionMask = 2147483647;
			files = (
				8AE836011DA7CBC1007B7E16 /* main.cpp in Sources */,
				8AE835FD1DA7CBBA007B7E16 /* substring.cpp in Sources */,
				8AE836021DA7CBC1007B7E16 /* sorting_test.cpp in Sources */,
				8AE836031DA7CBC1007B7E16 /* substring_test.cpp in Sources */,
			);
			runOnlyForDeploymentPostprocessing = 0;
		};
/* End PBXSourcesBuildPhase section */

/* Begin XCBuildConfiguration section */
		8A494DB31DA7CA67007CCA71 /* Debug */ = {
			isa = XCBuildConfiguration;
			buildSettings = {
				ALWAYS_SEARCH_USER_PATHS = NO;
				CLANG_ANALYZER_NONNULL = YES;
				CLANG_CXX_LANGUAGE_STANDARD = "gnu++0x";
				CLANG_CXX_LIBRARY = "libc++";
				CLANG_ENABLE_MODULES = YES;
				CLANG_ENABLE_OBJC_ARC = YES;
				CLANG_WARN_BOOL_CONVERSION = YES;
				CLANG_WARN_CONSTANT_CONVERSION = YES;
				CLANG_WARN_DIRECT_OBJC_ISA_USAGE = YES_ERROR;
				CLANG_WARN_EMPTY_BODY = YES;
				CLANG_WARN_ENUM_CONVERSION = YES;
				CLANG_WARN_INT_CONVERSION = YES;
				CLANG_WARN_OBJC_ROOT_CLASS = YES_ERROR;
				CLANG_WARN_UNREACHABLE_CODE = YES;
				CLANG_WARN__DUPLICATE_METHOD_MATCH = YES;
				CODE_SIGN_IDENTITY = "-";
				COPY_PHASE_STRIP = NO;
				DEBUG_INFORMATION_FORMAT = dwarf;
				ENABLE_STRICT_OBJC_MSGSEND = YES;
				ENABLE_TESTABILITY = YES;
				GCC_C_LANGUAGE_STANDARD = gnu99;
				GCC_DYNAMIC_NO_PIC = NO;
				GCC_NO_COMMON_BLOCKS = YES;
				GCC_OPTIMIZATION_LEVEL = 0;
				GCC_PREPROCESSOR_DEFINITIONS = (
					"DEBUG=1",
					"$(inherited)",
				);
				GCC_WARN_64_TO_32_BIT_CONVERSION = YES;
				GCC_WARN_ABOUT_RETURN_TYPE = YES_ERROR;
				GCC_WARN_UNDECLARED_SELECTOR = YES;
				GCC_WARN_UNINITIALIZED_AUTOS = YES_AGGRESSIVE;
				GCC_WARN_UNUSED_FUNCTION = YES;
				GCC_WARN_UNUSED_VARIABLE = YES;
				MACOSX_DEPLOYMENT_TARGET = 10.11;
				MTL_ENABLE_DEBUG_INFO = YES;
				ONLY_ACTIVE_ARCH = YES;
				SDKROOT = macosx;
			};
			name = Debug;
		};
		8A494DB41DA7CA67007CCA71 /* Release */ = {
			isa = XCBuildConfiguration;
			buildSettings = {
				ALWAYS_SEARCH_USER_PATHS = NO;
				CLANG_ANALYZER_NONNULL = YES;
				CLANG_CXX_LANGUAGE_STANDARD = "gnu++0x";
				CLANG_CXX_LIBRARY = "libc++";
				CLANG_ENABLE_MODULES = YES;
				CLANG_ENABLE_OBJC_ARC = YES;
				CLANG_WARN_BOOL_CONVERSION = YES;
				CLANG_WARN_CONSTANT_CONVERSION = YES;
				CLANG_WARN_DIRECT_OBJC_ISA_USAGE = YES_ERROR;
				CLANG_WARN_EMPTY_BODY = YES;
				CLANG_WARN_ENUM_CONVERSION = YES;
				CLANG_WARN_INT_CONVERSION = YES;
				CLANG_WARN_OBJC_ROOT_CLASS = YES_ERROR;
				CLANG_WARN_UNREACHABLE_CODE = YES;
				CLANG_WARN__DUPLICATE_METHOD_MATCH = YES;
				CODE_SIGN_IDENTITY = "-";
				COPY_PHASE_STRIP = NO;
				DEBUG_INFORMATION_FORMAT = "dwarf-with-dsym";
				ENABLE_NS_ASSERTIONS = NO;
				ENABLE_STRICT_OBJC_MSGSEND = YES;
				GCC_C_LANGUAGE_STANDARD = gnu99;
				GCC_NO_COMMON_BLOCKS = YES;
				GCC_WARN_64_TO_32_BIT_CONVERSION = YES;
				GCC_WARN_ABOUT_RETURN_TYPE = YES_ERROR;
				GCC_WARN_UNDECLARED_SELECTOR = YES;
				GCC_WARN_UNINITIALIZED_AUTOS = YES_AGGRESSIVE;
				GCC_WARN_UNUSED_FUNCTION = YES;
				GCC_WARN_UNUSED_VARIABLE = YES;
				MACOSX_DEPLOYMENT_TARGET = 10.11;
				MTL_ENABLE_DEBUG_INFO = NO;
				SDKROOT = macosx;
			};
			name = Release;
		};
		8AE835F81DA7CAA0007B7E16 /* Debug */ = {
			isa = XCBuildConfiguration;
			buildSettings = {
				PRODUCT_NAME = "$(TARGET_NAME)";
			};
			name = Debug;
		};
		8AE835F91DA7CAA0007B7E16 /* Release */ = {
			isa = XCBuildConfiguration;
			buildSettings = {
				PRODUCT_NAME = "$(TARGET_NAME)";
			};
			name = Release;
		};
/* End XCBuildConfiguration section */

/* Begin XCConfigurationList section */
		8A494DA91DA7CA67007CCA71 /* Build configuration list for PBXProject "algorithms" */ = {
			isa = XCConfigurationList;
			buildConfigurations = (
				8A494DB31DA7CA67007CCA71 /* Debug */,
				8A494DB41DA7CA67007CCA71 /* Release */,
			);
			defaultConfigurationIsVisible = 0;
			defaultConfigurationName = Release;
		};
		8AE835F71DA7CAA0007B7E16 /* Build configuration list for PBXNativeTarget "algorithms_tests" */ = {
			isa = XCConfigurationList;
			buildConfigurations = (
				8AE835F81DA7CAA0007B7E16 /* Debug */,
				8AE835F91DA7CAA0007B7E16 /* Release */,
			);
			defaultConfigurationIsVisible = 0;
			defaultConfigurationName = Release;
		};
/* End XCConfigurationList section */
	};
	rootObject = 8A494DA61DA7CA67007CCA71 /* Project object */;
}
